
Microsoft Visual Studio Solution File, Format Version 12.00
# Visual Studio Version 16
VisualStudioVersion = 16.0.32228.343
MinimumVisualStudioVersion = 10.0.40219.1
Project("{FAE04EC0-301F-11D3-BF4B-00C04F79EFBC}") = "TheRoost", "TheRoost\TheRoost.csproj", "{27DA367E-CF6D-48EC-B2EF-3FC992183396}"
EndProject
Global
	GlobalSection(SolutionConfigurationPlatforms) = preSolution
		Debug|Any CPU = Debug|Any CPU
		Release|Any CPU = Release|Any CPU
	EndGlobalSection
	GlobalSection(ProjectConfigurationPlatforms) = postSolution
		{27DA367E-CF6D-48EC-B2EF-3FC992183396}.Debug|Any CPU.ActiveCfg = Debug|Any CPU
		{27DA367E-CF6D-48EC-B2EF-3FC992183396}.Debug|Any CPU.Build.0 = Debug|Any CPU
		{27DA367E-CF6D-48EC-B2EF-3FC992183396}.Release|Any CPU.ActiveCfg = Release|Any CPU
		{27DA367E-CF6D-48EC-B2EF-3FC992183396}.Release|Any CPU.Build.0 = Release|Any CPU
	EndGlobalSection
	GlobalSection(SolutionProperties) = preSolution
		HideSolutionNode = FALSE
	EndGlobalSection
	GlobalSection(ExtensibilityGlobals) = postSolution
		SolutionGuid = {EADFD382-5341-49C9-AF81-D9F7199210AD}
	EndGlobalSection
EndGlobal
